
Microsoft Visual Studio Solution File, Format Version 12.00
# Visual Studio Version 17
VisualStudioVersion = 17.5.33424.131
MinimumVisualStudioVersion = 10.0.40219.1
Project("{9A19103F-16F7-4668-BE54-9A1E7A4F7556}") = "mealmagic", "mealmagic\mealmagic.csproj", "{E9D7D9D1-FFB1-43E2-A4A8-A6FD34389B8A}"
EndProject
Project("{2150E333-8FDC-42A3-9474-1A3956D46DE8}") = "Solution Items", "Solution Items", "{1C0C0323-C4D2-47EB-84E9-FE81B275E207}"
EndProject
Global
	GlobalSection(SolutionConfigurationPlatforms) = preSolution
		Debug|Any CPU = Debug|Any CPU
		Release|Any CPU = Release|Any CPU
	EndGlobalSection
	GlobalSection(ProjectConfigurationPlatforms) = postSolution
		{E9D7D9D1-FFB1-43E2-A4A8-A6FD34389B8A}.Debug|Any CPU.ActiveCfg = Debug|Any CPU
		{E9D7D9D1-FFB1-43E2-A4A8-A6FD34389B8A}.Debug|Any CPU.Build.0 = Debug|Any CPU
		{E9D7D9D1-FFB1-43E2-A4A8-A6FD34389B8A}.Release|Any CPU.ActiveCfg = Release|Any CPU
		{E9D7D9D1-FFB1-43E2-A4A8-A6FD34389B8A}.Release|Any CPU.Build.0 = Release|Any CPU
	EndGlobalSection
	GlobalSection(SolutionProperties) = preSolution
		HideSolutionNode = FALSE
	EndGlobalSection
	GlobalSection(NestedProjects) = preSolution
		{E9D7D9D1-FFB1-43E2-A4A8-A6FD34389B8A} = {1C0C0323-C4D2-47EB-84E9-FE81B275E207}
	EndGlobalSection
	GlobalSection(ExtensibilityGlobals) = postSolution
		SolutionGuid = {4089E476-E4C0-4CE8-B4BE-6E0AAD8D0290}
	EndGlobalSection
EndGlobal
